
Microsoft Visual Studio Solution File, Format Version 12.00
# Visual Studio Version 16
VisualStudioVersion = 16.0.30114.105
MinimumVisualStudioVersion = 10.0.40219.1
Project("{FAE04EC0-301F-11D3-BF4B-00C04F79EFBC}") = "HelloBlazor.Server", "Server\HelloBlazor.Server.csproj", "{9F44539B-5539-430A-95FF-AE9A9E2E74BF}"
EndProject
Project("{FAE04EC0-301F-11D3-BF4B-00C04F79EFBC}") = "HelloBlazor.Client", "Client\HelloBlazor.Client.csproj", "{30C44C4F-CD3B-4AC6-93DF-37626222A2C2}"
EndProject
Project("{FAE04EC0-301F-11D3-BF4B-00C04F79EFBC}") = "HelloBlazor.Shared", "Shared\HelloBlazor.Shared.csproj", "{899B7B3E-96C1-4003-ABFB-0D6866458B12}"
EndProject
Global
	GlobalSection(SolutionConfigurationPlatforms) = preSolution
		Debug|Any CPU = Debug|Any CPU
		Release|Any CPU = Release|Any CPU
	EndGlobalSection
	GlobalSection(ProjectConfigurationPlatforms) = postSolution
		{9F44539B-5539-430A-95FF-AE9A9E2E74BF}.Debug|Any CPU.ActiveCfg = Debug|Any CPU
		{9F44539B-5539-430A-95FF-AE9A9E2E74BF}.Debug|Any CPU.Build.0 = Debug|Any CPU
		{9F44539B-5539-430A-95FF-AE9A9E2E74BF}.Release|Any CPU.ActiveCfg = Release|Any CPU
		{9F44539B-5539-430A-95FF-AE9A9E2E74BF}.Release|Any CPU.Build.0 = Release|Any CPU
		{30C44C4F-CD3B-4AC6-93DF-37626222A2C2}.Debug|Any CPU.ActiveCfg = Debug|Any CPU
		{30C44C4F-CD3B-4AC6-93DF-37626222A2C2}.Debug|Any CPU.Build.0 = Debug|Any CPU
		{30C44C4F-CD3B-4AC6-93DF-37626222A2C2}.Release|Any CPU.ActiveCfg = Release|Any CPU
		{30C44C4F-CD3B-4AC6-93DF-37626222A2C2}.Release|Any CPU.Build.0 = Release|Any CPU
		{899B7B3E-96C1-4003-ABFB-0D6866458B12}.Debug|Any CPU.ActiveCfg = Debug|Any CPU
		{899B7B3E-96C1-4003-ABFB-0D6866458B12}.Debug|Any CPU.Build.0 = Debug|Any CPU
		{899B7B3E-96C1-4003-ABFB-0D6866458B12}.Release|Any CPU.ActiveCfg = Release|Any CPU
		{899B7B3E-96C1-4003-ABFB-0D6866458B12}.Release|Any CPU.Build.0 = Release|Any CPU
	EndGlobalSection
	GlobalSection(SolutionProperties) = preSolution
		HideSolutionNode = FALSE
	EndGlobalSection
	GlobalSection(ExtensibilityGlobals) = postSolution
		SolutionGuid = {C886942E-9AAD-4190-B5A2-3A60F4A749E8}
	EndGlobalSection
EndGlobal
